
Microsoft Visual Studio Solution File, Format Version 12.00
# Visual Studio Version 16
VisualStudioVersion = 16.0.31402.337
MinimumVisualStudioVersion = 10.0.40219.1
Project("{9A19103F-16F7-4668-BE54-9A1E7A4F7556}") = "DragDrop", "DragDrop\DragDrop.csproj", "{A3858F2A-AB4B-4FFE-920B-6ACD18F5E619}"
EndProject
Project("{FAE04EC0-301F-11D3-BF4B-00C04F79EFBC}") = "DragDropTests", "DragDropTests\DragDropTests.csproj", "{9EF0761E-1081-4993-A40C-1502EA5E74C2}"
EndProject
Global
	GlobalSection(SolutionConfigurationPlatforms) = preSolution
		Debug|Any CPU = Debug|Any CPU
		Release|Any CPU = Release|Any CPU
	EndGlobalSection
	GlobalSection(ProjectConfigurationPlatforms) = postSolution
		{A3858F2A-AB4B-4FFE-920B-6ACD18F5E619}.Debug|Any CPU.ActiveCfg = Debug|Any CPU
		{A3858F2A-AB4B-4FFE-920B-6ACD18F5E619}.Debug|Any CPU.Build.0 = Debug|Any CPU
		{A3858F2A-AB4B-4FFE-920B-6ACD18F5E619}.Release|Any CPU.ActiveCfg = Release|Any CPU
		{A3858F2A-AB4B-4FFE-920B-6ACD18F5E619}.Release|Any CPU.Build.0 = Release|Any CPU
		{9EF0761E-1081-4993-A40C-1502EA5E74C2}.Debug|Any CPU.ActiveCfg = Debug|Any CPU
		{9EF0761E-1081-4993-A40C-1502EA5E74C2}.Debug|Any CPU.Build.0 = Debug|Any CPU
		{9EF0761E-1081-4993-A40C-1502EA5E74C2}.Release|Any CPU.ActiveCfg = Release|Any CPU
		{9EF0761E-1081-4993-A40C-1502EA5E74C2}.Release|Any CPU.Build.0 = Release|Any CPU
	EndGlobalSection
	GlobalSection(SolutionProperties) = preSolution
		HideSolutionNode = FALSE
	EndGlobalSection
	GlobalSection(ExtensibilityGlobals) = postSolution
		SolutionGuid = {6256C74A-FEDB-4F06-AA1E-924BDF908FF7}
	EndGlobalSection
EndGlobal
